
Microsoft Visual Studio Solution File, Format Version 12.00
# Visual Studio Version 17
VisualStudioVersion = 17.0.31903.59
MinimumVisualStudioVersion = 10.0.40219.1
Project("{2150E333-8FDC-42A3-9474-1A3956D46DE8}") = "src", "src", "{827E0CD3-B72D-47B6-A68D-7590B98EB39B}"
EndProject
Project("{FAE04EC0-301F-11D3-BF4B-00C04F79EFBC}") = "QaFramework.Api", "src\QaFramework.Api\QaFramework.Api.csproj", "{37DB0EB3-68DA-4A9E-BE71-E227098A4359}"
EndProject
Project("{FAE04EC0-301F-11D3-BF4B-00C04F79EFBC}") = "QaFramework.Core", "src\QaFramework.Core\QaFramework.Core.csproj", "{8310FDD9-55FB-4C9C-8375-3CD019ED9011}"
EndProject
Project("{FAE04EC0-301F-11D3-BF4B-00C04F79EFBC}") = "QaFramework.Mobile", "src\QaFramework.Mobile\QaFramework.Mobile.csproj", "{5DA2BA2D-940B-4EBC-9B23-1AECAD4D0C3D}"
EndProject
Project("{FAE04EC0-301F-11D3-BF4B-00C04F79EFBC}") = "QaFramework.Web", "src\QaFramework.Web\QaFramework.Web.csproj", "{30C4017B-D57F-46EB-AC12-90A86A00BE6F}"
EndProject
Project("{FAE04EC0-301F-11D3-BF4B-00C04F79EFBC}") = "TradingDemo.App", "src\TradingDemo.App\TradingDemo.App.csproj", "{4B7F25E9-0045-4C89-A714-68202808120D}"
EndProject
Project("{FAE04EC0-301F-11D3-BF4B-00C04F79EFBC}") = "TradingDemo.AppModel", "src\TradingDemo.AppModel\TradingDemo.AppModel.csproj", "{1E65DD42-67A6-415E-96A9-8E7E549A5725}"
EndProject
Project("{2150E333-8FDC-42A3-9474-1A3956D46DE8}") = "tests", "tests", "{0AB3BF05-4346-4AA6-1389-037BE0695223}"
EndProject
Project("{FAE04EC0-301F-11D3-BF4B-00C04F79EFBC}") = "Api.Tests", "tests\Api.Tests\Api.Tests.csproj", "{628BB6C7-AD48-4D83-BE1E-7F6D7F0BD985}"
EndProject
Project("{FAE04EC0-301F-11D3-BF4B-00C04F79EFBC}") = "Framework.Tests", "tests\Framework.Tests\Framework.Tests.csproj", "{264F8B7C-C823-44CB-9A09-DF524745DABF}"
EndProject
Project("{FAE04EC0-301F-11D3-BF4B-00C04F79EFBC}") = "Mobile.Tests", "tests\Mobile.Tests\Mobile.Tests.csproj", "{02C39776-8D07-498F-A71E-0ECCA2D4081A}"
EndProject
Project("{FAE04EC0-301F-11D3-BF4B-00C04F79EFBC}") = "Ui.Tests", "tests\Ui.Tests\Ui.Tests.csproj", "{B8A28645-E748-452D-B301-7442C68A2042}"
EndProject
Global
	GlobalSection(SolutionConfigurationPlatforms) = preSolution
		Debug|Any CPU = Debug|Any CPU
		Debug|x64 = Debug|x64
		Debug|x86 = Debug|x86
		Release|Any CPU = Release|Any CPU
		Release|x64 = Release|x64
		Release|x86 = Release|x86
	EndGlobalSection
	GlobalSection(ProjectConfigurationPlatforms) = postSolution
		{37DB0EB3-68DA-4A9E-BE71-E227098A4359}.Debug|Any CPU.ActiveCfg = Debug|Any CPU
		{37DB0EB3-68DA-4A9E-BE71-E227098A4359}.Debug|Any CPU.Build.0 = Debug|Any CPU
		{37DB0EB3-68DA-4A9E-BE71-E227098A4359}.Debug|x64.ActiveCfg = Debug|Any CPU
		{37DB0EB3-68DA-4A9E-BE71-E227098A4359}.Debug|x64.Build.0 = Debug|Any CPU
		{37DB0EB3-68DA-4A9E-BE71-E227098A4359}.Debug|x86.ActiveCfg = Debug|Any CPU
		{37DB0EB3-68DA-4A9E-BE71-E227098A4359}.Debug|x86.Build.0 = Debug|Any CPU
		{37DB0EB3-68DA-4A9E-BE71-E227098A4359}.Release|Any CPU.ActiveCfg = Release|Any CPU
		{37DB0EB3-68DA-4A9E-BE71-E227098A4359}.Release|Any CPU.Build.0 = Release|Any CPU
		{37DB0EB3-68DA-4A9E-BE71-E227098A4359}.Release|x64.ActiveCfg = Release|Any CPU
		{37DB0EB3-68DA-4A9E-BE71-E227098A4359}.Release|x64.Build.0 = Release|Any CPU
		{37DB0EB3-68DA-4A9E-BE71-E227098A4359}.Release|x86.ActiveCfg = Release|Any CPU
		{37DB0EB3-68DA-4A9E-BE71-E227098A4359}.Release|x86.Build.0 = Release|Any CPU
		{8310FDD9-55FB-4C9C-8375-3CD019ED9011}.Debug|Any CPU.ActiveCfg = Debug|Any CPU
		{8310FDD9-55FB-4C9C-8375-3CD019ED9011}.Debug|Any CPU.Build.0 = Debug|Any CPU
		{8310FDD9-55FB-4C9C-8375-3CD019ED9011}.Debug|x64.ActiveCfg = Debug|Any CPU
		{8310FDD9-55FB-4C9C-8375-3CD019ED9011}.Debug|x64.Build.0 = Debug|Any CPU
		{8310FDD9-55FB-4C9C-8375-3CD019ED9011}.Debug|x86.ActiveCfg = Debug|Any CPU
		{8310FDD9-55FB-4C9C-8375-3CD019ED9011}.Debug|x86.Build.0 = Debug|Any CPU
		{8310FDD9-55FB-4C9C-8375-3CD019ED9011}.Release|Any CPU.ActiveCfg = Release|Any CPU
		{8310FDD9-55FB-4C9C-8375-3CD019ED9011}.Release|Any CPU.Build.0 = Release|Any CPU
		{8310FDD9-55FB-4C9C-8375-3CD019ED9011}.Release|x64.ActiveCfg = Release|Any CPU
		{8310FDD9-55FB-4C9C-8375-3CD019ED9011}.Release|x64.Build.0 = Release|Any CPU
		{8310FDD9-55FB-4C9C-8375-3CD019ED9011}.Release|x86.ActiveCfg = Release|Any CPU
		{8310FDD9-55FB-4C9C-8375-3CD019ED9011}.Release|x86.Build.0 = Release|Any CPU
		{5DA2BA2D-940B-4EBC-9B23-1AECAD4D0C3D}.Debug|Any CPU.ActiveCfg = Debug|Any CPU
		{5DA2BA2D-940B-4EBC-9B23-1AECAD4D0C3D}.Debug|Any CPU.Build.0 = Debug|Any CPU
		{5DA2BA2D-940B-4EBC-9B23-1AECAD4D0C3D}.Debug|x64.ActiveCfg = Debug|Any CPU
		{5DA2BA2D-940B-4EBC-9B23-1AECAD4D0C3D}.Debug|x64.Build.0 = Debug|Any CPU
		{5DA2BA2D-940B-4EBC-9B23-1AECAD4D0C3D}.Debug|x86.ActiveCfg = Debug|Any CPU
		{5DA2BA2D-940B-4EBC-9B23-1AECAD4D0C3D}.Debug|x86.Build.0 = Debug|Any CPU
		{5DA2BA2D-940B-4EBC-9B23-1AECAD4D0C3D}.Release|Any CPU.ActiveCfg = Release|Any CPU
		{5DA2BA2D-940B-4EBC-9B23-1AECAD4D0C3D}.Release|Any CPU.Build.0 = Release|Any CPU
		{5DA2BA2D-940B-4EBC-9B23-1AECAD4D0C3D}.Release|x64.ActiveCfg = Release|Any CPU
		{5DA2BA2D-940B-4EBC-9B23-1AECAD4D0C3D}.Release|x64.Build.0 = Release|Any CPU
		{5DA2BA2D-940B-4EBC-9B23-1AECAD4D0C3D}.Release|x86.ActiveCfg = Release|Any CPU
		{5DA2BA2D-940B-4EBC-9B23-1AECAD4D0C3D}.Release|x86.Build.0 = Release|Any CPU
		{30C4017B-D57F-46EB-AC12-90A86A00BE6F}.Debug|Any CPU.ActiveCfg = Debug|Any CPU
		{30C4017B-D57F-46EB-AC12-90A86A00BE6F}.Debug|Any CPU.Build.0 = Debug|Any CPU
		{30C4017B-D57F-46EB-AC12-90A86A00BE6F}.Debug|x64.ActiveCfg = Debug|Any CPU
		{30C4017B-D57F-46EB-AC12-90A86A00BE6F}.Debug|x64.Build.0 = Debug|Any CPU
		{30C4017B-D57F-46EB-AC12-90A86A00BE6F}.Debug|x86.ActiveCfg = Debug|Any CPU
		{30C4017B-D57F-46EB-AC12-90A86A00BE6F}.Debug|x86.Build.0 = Debug|Any CPU
		{30C4017B-D57F-46EB-AC12-90A86A00BE6F}.Release|Any CPU.ActiveCfg = Release|Any CPU
		{30C4017B-D57F-46EB-AC12-90A86A00BE6F}.Release|Any CPU.Build.0 = Release|Any CPU
		{30C4017B-D57F-46EB-AC12-90A86A00BE6F}.Release|x64.ActiveCfg = Release|Any CPU
		{30C4017B-D57F-46EB-AC12-90A86A00BE6F}.Release|x64.Build.0 = Release|Any CPU
		{30C4017B-D57F-46EB-AC12-90A86A00BE6F}.Release|x86.ActiveCfg = Release|Any CPU
		{30C4017B-D57F-46EB-AC12-90A86A00BE6F}.Release|x86.Build.0 = Release|Any CPU
		{4B7F25E9-0045-4C89-A714-68202808120D}.Debug|Any CPU.ActiveCfg = Debug|Any CPU
		{4B7F25E9-0045-4C89-A714-68202808120D}.Debug|Any CPU.Build.0 = Debug|Any CPU
		{4B7F25E9-0045-4C89-A714-68202808120D}.Debug|x64.ActiveCfg = Debug|Any CPU
		{4B7F25E9-0045-4C89-A714-68202808120D}.Debug|x64.Build.0 = Debug|Any CPU
		{4B7F25E9-0045-4C89-A714-68202808120D}.Debug|x86.ActiveCfg = Debug|Any CPU
		{4B7F25E9-0045-4C89-A714-68202808120D}.Debug|x86.Build.0 = Debug|Any CPU
		{4B7F25E9-0045-4C89-A714-68202808120D}.Release|Any CPU.ActiveCfg = Release|Any CPU
		{4B7F25E9-0045-4C89-A714-68202808120D}.Release|Any CPU.Build.0 = Release|Any CPU
		{4B7F25E9-0045-4C89-A714-68202808120D}.Release|x64.ActiveCfg = Release|Any CPU
		{4B7F25E9-0045-4C89-A714-68202808120D}.Release|x64.Build.0 = Release|Any CPU
		{4B7F25E9-0045-4C89-A714-68202808120D}.Release|x86.ActiveCfg = Release|Any CPU
		{4B7F25E9-0045-4C89-A714-68202808120D}.Release|x86.Build.0 = Release|Any CPU
		{1E65DD42-67A6-415E-96A9-8E7E549A5725}.Debug|Any CPU.ActiveCfg = Debug|Any CPU
		{1E65DD42-67A6-415E-96A9-8E7E549A5725}.Debug|Any CPU.Build.0 = Debug|Any CPU
		{1E65DD42-67A6-415E-96A9-8E7E549A5725}.Debug|x64.ActiveCfg = Debug|Any CPU
		{1E65DD42-67A6-415E-96A9-8E7E549A5725}.Debug|x64.Build.0 = Debug|Any CPU
		{1E65DD42-67A6-415E-96A9-8E7E549A5725}.Debug|x86.ActiveCfg = Debug|Any CPU
		{1E65DD42-67A6-415E-96A9-8E7E549A5725}.Debug|x86.Build.0 = Debug|Any CPU
		{1E65DD42-67A6-415E-96A9-8E7E549A5725}.Release|Any CPU.ActiveCfg = Release|Any CPU
		{1E65DD42-67A6-415E-96A9-8E7E549A5725}.Release|Any CPU.Build.0 = Release|Any CPU
		{1E65DD42-67A6-415E-96A9-8E7E549A5725}.Release|x64.ActiveCfg = Release|Any CPU
		{1E65DD42-67A6-415E-96A9-8E7E549A5725}.Release|x64.Build.0 = Release|Any CPU
		{1E65DD42-67A6-415E-96A9-8E7E549A5725}.Release|x86.ActiveCfg = Release|Any CPU
		{1E65DD42-67A6-415E-96A9-8E7E549A5725}.Release|x86.Build.0 = Release|Any CPU
		{628BB6C7-AD48-4D83-BE1E-7F6D7F0BD985}.Debug|Any CPU.ActiveCfg = Debug|Any CPU
		{628BB6C7-AD48-4D83-BE1E-7F6D7F0BD985}.Debug|Any CPU.Build.0 = Debug|Any CPU
		{628BB6C7-AD48-4D83-BE1E-7F6D7F0BD985}.Debug|x64.ActiveCfg = Debug|Any CPU
		{628BB6C7-AD48-4D83-BE1E-7F6D7F0BD985}.Debug|x64.Build.0 = Debug|Any CPU
		{628BB6C7-AD48-4D83-BE1E-7F6D7F0BD985}.Debug|x86.ActiveCfg = Debug|Any CPU
		{628BB6C7-AD48-4D83-BE1E-7F6D7F0BD985}.Debug|x86.Build.0 = Debug|Any CPU
		{628BB6C7-AD48-4D83-BE1E-7F6D7F0BD985}.Release|Any CPU.ActiveCfg = Release|Any CPU
		{628BB6C7-AD48-4D83-BE1E-7F6D7F0BD985}.Release|Any CPU.Build.0 = Release|Any CPU
		{628BB6C7-AD48-4D83-BE1E-7F6D7F0BD985}.Release|x64.ActiveCfg = Release|Any CPU
		{628BB6C7-AD48-4D83-BE1E-7F6D7F0BD985}.Release|x64.Build.0 = Release|Any CPU
		{628BB6C7-AD48-4D83-BE1E-7F6D7F0BD985}.Release|x86.ActiveCfg = Release|Any CPU
		{628BB6C7-AD48-4D83-BE1E-7F6D7F0BD985}.Release|x86.Build.0 = Release|Any CPU
		{264F8B7C-C823-44CB-9A09-DF524745DABF}.Debug|Any CPU.ActiveCfg = Debug|Any CPU
		{264F8B7C-C823-44CB-9A09-DF524745DABF}.Debug|Any CPU.Build.0 = Debug|Any CPU
		{264F8B7C-C823-44CB-9A09-DF524745DABF}.Debug|x64.ActiveCfg = Debug|Any CPU
		{264F8B7C-C823-44CB-9A09-DF524745DABF}.Debug|x64.Build.0 = Debug|Any CPU
		{264F8B7C-C823-44CB-9A09-DF524745DABF}.Debug|x86.ActiveCfg = Debug|Any CPU
		{264F8B7C-C823-44CB-9A09-DF524745DABF}.Debug|x86.Build.0 = Debug|Any CPU
		{264F8B7C-C823-44CB-9A09-DF524745DABF}.Release|Any CPU.ActiveCfg = Release|Any CPU
		{264F8B7C-C823-44CB-9A09-DF524745DABF}.Release|Any CPU.Build.0 = Release|Any CPU
		{264F8B7C-C823-44CB-9A09-DF524745DABF}.Release|x64.ActiveCfg = Release|Any CPU
		{264F8B7C-C823-44CB-9A09-DF524745DABF}.Release|x64.Build.0 = Release|Any CPU
		{264F8B7C-C823-44CB-9A09-DF524745DABF}.Release|x86.ActiveCfg = Release|Any CPU
		{264F8B7C-C823-44CB-9A09-DF524745DABF}.Release|x86.Build.0 = Release|Any CPU
		{02C39776-8D07-498F-A71E-0ECCA2D4081A}.Debug|Any CPU.ActiveCfg = Debug|Any CPU
		{02C39776-8D07-498F-A71E-0ECCA2D4081A}.Debug|Any CPU.Build.0 = Debug|Any CPU
		{02C39776-8D07-498F-A71E-0ECCA2D4081A}.Debug|x64.ActiveCfg = Debug|Any CPU
		{02C39776-8D07-498F-A71E-0ECCA2D4081A}.Debug|x64.Build.0 = Debug|Any CPU
		{02C39776-8D07-498F-A71E-0ECCA2D4081A}.Debug|x86.ActiveCfg = Debug|Any CPU
		{02C39776-8D07-498F-A71E-0ECCA2D4081A}.Debug|x86.Build.0 = Debug|Any CPU
		{02C39776-8D07-498F-A71E-0ECCA2D4081A}.Release|Any CPU.ActiveCfg = Release|Any CPU
		{02C39776-8D07-498F-A71E-0ECCA2D4081A}.Release|Any CPU.Build.0 = Release|Any CPU
		{02C39776-8D07-498F-A71E-0ECCA2D4081A}.Release|x64.ActiveCfg = Release|Any CPU
		{02C39776-8D07-498F-A71E-0ECCA2D4081A}.Release|x64.Build.0 = Release|Any CPU
		{02C39776-8D07-498F-A71E-0ECCA2D4081A}.Release|x86.ActiveCfg = Release|Any CPU
		{02C39776-8D07-498F-A71E-0ECCA2D4081A}.Release|x86.Build.0 = Release|Any CPU
		{B8A28645-E748-452D-B301-7442C68A2042}.Debug|Any CPU.ActiveCfg = Debug|Any CPU
		{B8A28645-E748-452D-B301-7442C68A2042}.Debug|Any CPU.Build.0 = Debug|Any CPU
		{B8A28645-E748-452D-B301-7442C68A2042}.Debug|x64.ActiveCfg = Debug|Any CPU
		{B8A28645-E748-452D-B301-7442C68A2042}.Debug|x64.Build.0 = Debug|Any CPU
		{B8A28645-E748-452D-B301-7442C68A2042}.Debug|x86.ActiveCfg = Debug|Any CPU
		{B8A28645-E748-452D-B301-7442C68A2042}.Debug|x86.Build.0 = Debug|Any CPU
		{B8A28645-E748-452D-B301-7442C68A2042}.Release|Any CPU.ActiveCfg = Release|Any CPU
		{B8A28645-E748-452D-B301-7442C68A2042}.Release|Any CPU.Build.0 = Release|Any CPU
		{B8A28645-E748-452D-B301-7442C68A2042}.Release|x64.ActiveCfg = Release|Any CPU
		{B8A28645-E748-452D-B301-7442C68A2042}.Release|x64.Build.0 = Release|Any CPU
		{B8A28645-E748-452D-B301-7442C68A2042}.Release|x86.ActiveCfg = Release|Any CPU
		{B8A28645-E748-452D-B301-7442C68A2042}.Release|x86.Build.0 = Release|Any CPU
	EndGlobalSection
	GlobalSection(SolutionProperties) = preSolution
		HideSolutionNode = FALSE
	EndGlobalSection
	GlobalSection(NestedProjects) = preSolution
		{37DB0EB3-68DA-4A9E-BE71-E227098A4359} = {827E0CD3-B72D-47B6-A68D-7590B98EB39B}
		{8310FDD9-55FB-4C9C-8375-3CD019ED9011} = {827E0CD3-B72D-47B6-A68D-7590B98EB39B}
		{5DA2BA2D-940B-4EBC-9B23-1AECAD4D0C3D} = {827E0CD3-B72D-47B6-A68D-7590B98EB39B}
		{30C4017B-D57F-46EB-AC12-90A86A00BE6F} = {827E0CD3-B72D-47B6-A68D-7590B98EB39B}
		{4B7F25E9-0045-4C89-A714-68202808120D} = {827E0CD3-B72D-47B6-A68D-7590B98EB39B}
		{1E65DD42-67A6-415E-96A9-8E7E549A5725} = {827E0CD3-B72D-47B6-A68D-7590B98EB39B}
		{628BB6C7-AD48-4D83-BE1E-7F6D7F0BD985} = {0AB3BF05-4346-4AA6-1389-037BE0695223}
		{264F8B7C-C823-44CB-9A09-DF524745DABF} = {0AB3BF05-4346-4AA6-1389-037BE0695223}
		{02C39776-8D07-498F-A71E-0ECCA2D4081A} = {0AB3BF05-4346-4AA6-1389-037BE0695223}
		{B8A28645-E748-452D-B301-7442C68A2042} = {0AB3BF05-4346-4AA6-1389-037BE0695223}
	EndGlobalSection
EndGlobal
